
Microsoft Visual Studio Solution File, Format Version 12.00
# Visual Studio 15
VisualStudioVersion = 15.0.27703.2042
MinimumVisualStudioVersion = 10.0.40219.1
Project("{FAE04EC0-301F-11D3-BF4B-00C04F79EFBC}") = "MetodosEnLinea", "MetodosEnLinea\MetodosEnLinea.csproj", "{04E22660-2F6A-4D0D-8C7D-CAE51951AA2B}"
EndProject
Project("{FAE04EC0-301F-11D3-BF4B-00C04F79EFBC}") = "SignalR", "SignalR\SignalR.csproj", "{1F0ADFE0-988C-49FD-816E-F1C3C98475DF}"
EndProject
Global
	GlobalSection(SolutionConfigurationPlatforms) = preSolution
		Debug|Any CPU = Debug|Any CPU
		Release|Any CPU = Release|Any CPU
	EndGlobalSection
	GlobalSection(ProjectConfigurationPlatforms) = postSolution
		{04E22660-2F6A-4D0D-8C7D-CAE51951AA2B}.Debug|Any CPU.ActiveCfg = Debug|Any CPU
		{04E22660-2F6A-4D0D-8C7D-CAE51951AA2B}.Debug|Any CPU.Build.0 = Debug|Any CPU
		{04E22660-2F6A-4D0D-8C7D-CAE51951AA2B}.Release|Any CPU.ActiveCfg = Release|Any CPU
		{04E22660-2F6A-4D0D-8C7D-CAE51951AA2B}.Release|Any CPU.Build.0 = Release|Any CPU
		{1F0ADFE0-988C-49FD-816E-F1C3C98475DF}.Debug|Any CPU.ActiveCfg = Debug|Any CPU
		{1F0ADFE0-988C-49FD-816E-F1C3C98475DF}.Debug|Any CPU.Build.0 = Debug|Any CPU
		{1F0ADFE0-988C-49FD-816E-F1C3C98475DF}.Release|Any CPU.ActiveCfg = Release|Any CPU
		{1F0ADFE0-988C-49FD-816E-F1C3C98475DF}.Release|Any CPU.Build.0 = Release|Any CPU
	EndGlobalSection
	GlobalSection(SolutionProperties) = preSolution
		HideSolutionNode = FALSE
	EndGlobalSection
	GlobalSection(ExtensibilityGlobals) = postSolution
		SolutionGuid = {3A13720F-AD91-418F-8B3F-6AC78CD81B2D}
	EndGlobalSection
EndGlobal
